{
  "object": {
    "pins": [
      {
        "package": "Codextended",
        "repositoryURL": "https://github.com/johnsundell/codextended.git",
        "state": {
          "branch": null,
          "revision": "8d7c46dfc9c55240870cf5561d6cefa41e3d7105",
          "version": "0.3.0"
        }
      },
      {
        "package": "Files",
        "repositoryURL": "https://github.com/johnsundell/files.git",
        "state": {
          "branch": null,
          "revision": "22fe84797d499ffca911ccd896b34efaf06a50b9",
          "version": "4.1.1"
        }
      },
      {
        "package": "Ink",
        "repositoryURL": "https://github.com/johnsundell/ink.git",
        "state": {
          "branch": null,
          "revision": "a9a1a0190aaacc9058a2bfbdcd831785eac26f43",
          "version": "0.3.0"
        }
      },
      {
        "package": "Plot",
        "repositoryURL": "https://github.com/johnsundell/plot.git",
        "state": {
          "branch": null,
          "revision": "ccabb2674ca0d9ccfabd5e7c0c44c6cca6c827fb",
          "version": "0.5.0"
        }
      },
      {
        "package": "Publish",
        "repositoryURL": "https://github.com/johnsundell/publish.git",
        "state": {
          "branch": null,
          "revision": "9458bacb992f1fde35648fd4bb379fb7335d571c",
          "version": "0.5.0"
        }
      },
      {
        "package": "ShellOut",
        "repositoryURL": "https://github.com/johnsundell/shellout.git",
        "state": {
          "branch": null,
          "revision": "e1577acf2b6e90086d01a6d5e2b8efdaae033568",
          "version": "2.3.0"
        }
      },
      {
        "package": "Splash",
        "repositoryURL": "https://github.com/johnsundell/splash.git",
        "state": {
          "branch": null,
          "revision": "2d55b33529e1a3a354d5ef9a5437d4abd842a5a3",
          "version": "0.11.1"
        }
      },
      {
        "package": "SplashPublishPlugin",
        "repositoryURL": "https://github.com/johnsundell/splashpublishplugin",
        "state": {
          "branch": null,
          "revision": "34bb50bd83b2a40c63afc35f090c76619dc149ce",
          "version": "0.1.0"
        }
      },
      {
        "package": "Sweep",
        "repositoryURL": "https://github.com/johnsundell/sweep.git",
        "state": {
          "branch": null,
          "revision": "801c2878e4c6c5baf32fe132e1f3f3af6f9fd1b0",
          "version": "0.4.0"
        }
      }
    ]
  },
  "version": 1
}
